
Microsoft Visual Studio Solution File, Format Version 12.00
# Visual Studio Version 17
VisualStudioVersion = 17.7.34031.279
MinimumVisualStudioVersion = 10.0.40219.1
Project("{FAE04EC0-301F-11D3-BF4B-00C04F79EFBC}") = "btvn000", "btvn000\btvn000.csproj", "{5E4F259B-5C27-4F49-A920-19773120AF32}"
EndProject
Global
	GlobalSection(SolutionConfigurationPlatforms) = preSolution
		Debug|Any CPU = Debug|Any CPU
		Release|Any CPU = Release|Any CPU
	EndGlobalSection
	GlobalSection(ProjectConfigurationPlatforms) = postSolution
		{5E4F259B-5C27-4F49-A920-19773120AF32}.Debug|Any CPU.ActiveCfg = Debug|Any CPU
		{5E4F259B-5C27-4F49-A920-19773120AF32}.Debug|Any CPU.Build.0 = Debug|Any CPU
		{5E4F259B-5C27-4F49-A920-19773120AF32}.Release|Any CPU.ActiveCfg = Release|Any CPU
		{5E4F259B-5C27-4F49-A920-19773120AF32}.Release|Any CPU.Build.0 = Release|Any CPU
	EndGlobalSection
	GlobalSection(SolutionProperties) = preSolution
		HideSolutionNode = FALSE
	EndGlobalSection
	GlobalSection(ExtensibilityGlobals) = postSolution
		SolutionGuid = {60BE2BA2-E27F-4300-A5B8-BBE8272F5DE6}
	EndGlobalSection
EndGlobal
